
Microsoft Visual Studio Solution File, Format Version 12.00
# Visual Studio Version 17
VisualStudioVersion = 17.0.31903.59
MinimumVisualStudioVersion = 10.0.40219.1
Project("{2150E333-8FDC-42A3-9474-1A3956D46DE8}") = "Andastra.Formats", "Andastra.Formats", "{458EFFFA-DFDC-44EC-AE5F-03A24DD004A6}"
EndProject
Project("{FAE04EC0-301F-11D3-BF4B-00C04F79EFBC}") = "Andastra.Formats", "src\Andastra.Formats\Andastra.Formats.csproj", "{8A9D1E2F-3C4B-5E6A-7D8B-9F1A2C3D4E5F}"
EndProject
Project("{2150E333-8FDC-42A3-9474-1A3956D46DE8}") = "Andastra.Runtime", "Andastra.Runtime", "{B2C3D4E5-F6A7-8B9C-0D1E-2F3A4B5C6D7E}"
EndProject
Project("{2150E333-8FDC-42A3-9474-1A3956D46DE8}") = "Core", "Core", "{C3D4E5F6-A7B8-9C0D-1E2F-3A4B5C6D7E8F}"
EndProject
Project("{FAE04EC0-301F-11D3-BF4B-00C04F79EFBC}") = "Andastra.Runtime.Core", "src\Andastra.Runtime\Core\Andastra.Runtime.Core.csproj", "{6D60797F-9C20-45A9-9555-38865885E5C8}"
EndProject
Project("{FAE04EC0-301F-11D3-BF4B-00C04F79EFBC}") = "Andastra.Runtime.Content", "src\Andastra.Runtime\Content\Andastra.Runtime.Content.csproj", "{3452FBD2-23D5-4E96-938A-087B0A2010E5}"
EndProject
Project("{FAE04EC0-301F-11D3-BF4B-00C04F79EFBC}") = "Andastra.Runtime.Scripting", "src\Andastra.Runtime\Scripting\Andastra.Runtime.Scripting.csproj", "{E5AD48E5-052B-4312-BB09-B98A10B48663}"
EndProject
Project("{2150E333-8FDC-42A3-9474-1A3956D46DE8}") = "Graphics", "Graphics", "{D4E5F6A7-B8C9-0D1E-2F3A-4B5C6D7E8F9A}"
EndProject
Project("{FAE04EC0-301F-11D3-BF4B-00C04F79EFBC}") = "Andastra.Runtime.Graphics", "src\Andastra.Runtime\Graphics\Andastra.Runtime.Graphics.csproj", "{18E620A8-3053-482B-9A89-B0D9112A750D}"
EndProject
Project("{FAE04EC0-301F-11D3-BF4B-00C04F79EFBC}") = "Andastra.Runtime.Graphics.Common", "src\Andastra.Runtime\Graphics\Andastra.Runtime.Graphics.Common.csproj", "{37B19E9C-E304-42EB-B1E6-4650ECCADE91}"
EndProject
Project("{FAE04EC0-301F-11D3-BF4B-00C04F79EFBC}") = "Andastra.Runtime.Graphics.MonoGame", "src\Andastra.Runtime\Graphics\MonoGame\Andastra.Runtime.Graphics.MonoGame.csproj", "{432FF7BA-B171-49EC-BF32-7190BF9F2325}"
EndProject
Project("{FAE04EC0-301F-11D3-BF4B-00C04F79EFBC}") = "Andastra.Runtime.Graphics.Stride", "src\Andastra.Runtime\Graphics\Stride\Andastra.Runtime.Graphics.Stride.csproj", "{89381CF8-A859-479A-AEAC-9C8A36D6D355}"
EndProject
Project("{2150E333-8FDC-42A3-9474-1A3956D46DE8}") = "Games", "Games", "{E5F6A7B8-C9D0-1E2F-3A4B-5C6D7E8F9A0B}"
EndProject
Project("{FAE04EC0-301F-11D3-BF4B-00C04F79EFBC}") = "Andastra.Runtime.Games.Common", "src\Andastra.Runtime\Games\Common\Andastra.Runtime.Games.Common.csproj", "{C013626C-1404-4FEF-A1B4-C02CADA857BC}"
EndProject
Project("{FAE04EC0-301F-11D3-BF4B-00C04F79EFBC}") = "Andastra.Runtime.Games.Kotor", "src\Andastra.Runtime\Games\Kotor\Andastra.Runtime.Games.Kotor.csproj", "{827FE34C-1C5F-4F6E-8D68-917689C4EBA5}"
EndProject
Project("{FAE04EC0-301F-11D3-BF4B-00C04F79EFBC}") = "Andastra.Runtime.Games.Aurora", "src\Andastra.Runtime\Games\Aurora\Andastra.Runtime.Games.Aurora.csproj", "{F2508EE5-8989-4AE2-8891-A7147CC1B0CB}"
EndProject
Project("{FAE04EC0-301F-11D3-BF4B-00C04F79EFBC}") = "Andastra.Runtime.Games.Eclipse", "src\Andastra.Runtime\Games\Eclipse\Andastra.Runtime.Games.Eclipse.csproj", "{59ECBBB7-4F75-45B4-AF07-2F741E2BAB93}"
EndProject
Project("{FAE04EC0-301F-11D3-BF4B-00C04F79EFBC}") = "Andastra.Runtime.Games.Odyssey", "src\Andastra.Runtime\Games\Odyssey\Andastra.Runtime.Games.Odyssey.csproj", "{FEED5800-938A-4D45-A8EE-73ECEF36C8A6}"
EndProject
Project("{FAE04EC0-301F-11D3-BF4B-00C04F79EFBC}") = "Andastra.Game", "src\Andastra.Game\Andastra.Game.csproj", "{463A33EC-7903-447E-B2CC-992FD84722F3}"
EndProject
Project("{2150E333-8FDC-42A3-9474-1A3956D46DE8}") = "Tools", "Tools", "{F6A7B8C9-D0E1-2F3A-4B5C-6D7E8F9A0B1C}"
EndProject
Project("{FAE04EC0-301F-11D3-BF4B-00C04F79EFBC}") = "Andastra.Patcher", "src\Tools\Andastra.Patcher\Andastra.Patcher.csproj", "{6C7E8B5E-8D4F-4B3A-9E2A-F5B7C9D1E3A4}"
EndProject
Project("{FAE04EC0-301F-11D3-BF4B-00C04F79EFBC}") = "Andastra.Patcher.UI", "src\Tools\Andastra.Patcher.UI\Andastra.Patcher.UI.csproj", "{A1B2C3D4-E5F6-7A8B-9C0D-1E2F3A4B5C6D}"
EndProject
Project("{FAE04EC0-301F-11D3-BF4B-00C04F79EFBC}") = "Andastra.Tooling", "src\Tools\Andastra.Tooling\Andastra.Tooling.csproj", "{923C03F6-1D28-4BE5-AF20-76593AD8F716}"
EndProject
Project("{FAE04EC0-301F-11D3-BF4B-00C04F79EFBC}") = "HolocronToolset.NET", "src\Tools\HolocronToolset\HolocronToolset.NET.csproj", "{B5D847E7-A300-47D8-BCA1-3339A71E0E88}"
EndProject
Project("{FAE04EC0-301F-11D3-BF4B-00C04F79EFBC}") = "NCSDecomp", "src\Tools\NCSDecomp\NCSDecomp.csproj", "{06F3A9B8-9C87-40D2-94B5-A509238F348D}"
EndProject
Project("{FAE04EC0-301F-11D3-BF4B-00C04F79EFBC}") = "KNSSComp.NET", "src\Tools\KNSSComp\KNSSComp.NET.csproj", "{1A2B3C4D-5E6F-7A8B-9C0D-1E2F3A4B5C6D}"
EndProject
Project("{FAE04EC0-301F-11D3-BF4B-00C04F79EFBC}") = "KotorDiff.NET", "src\Tools\KotorDiff\KotorDiff.NET.csproj", "{2B3C4D5E-6F7A-8B9C-0D1E-2F3A4B5C6D7E}"
EndProject
Project("{2150E333-8FDC-42A3-9474-1A3956D46DE8}") = "Tests", "Tests", "{3C4D5E6F-7A8B-9C0D-1E2F-3A4B5C6D7E8F}"
EndProject
Project("{FAE04EC0-301F-11D3-BF4B-00C04F79EFBC}") = "TSLPatcher.Tests", "src\Tests\Andastra.Formats.Tests\TSLPatcher.Tests.csproj", "{9B1E2F3A-4D5C-6F7B-8E9C-0A1B2C3D4E5F}"
EndProject
Project("{FAE04EC0-301F-11D3-BF4B-00C04F79EFBC}") = "HolocronToolset.NET.Tests", "src\Tests\HolocronToolset.Tests\HolocronToolset.NET.Tests.csproj", "{5FBA2891-C5C6-4B17-A6E2-1C9EFEC7E8DF}"
EndProject
Project("{FAE04EC0-301F-11D3-BF4B-00C04F79EFBC}") = "KNCSDecomp.Tests", "src\Tests\NCSDecomp.Tests\KNCSDecomp.Tests.csproj", "{4D5E6F7A-8B9C-0D1E-2F3A-4B5C6D7E8F9A}"
EndProject
Project("{FAE04EC0-301F-11D3-BF4B-00C04F79EFBC}") = "KotorDiff.NET.Tests", "src\Tests\KotorDiff.Tests\KotorDiff.NET.Tests.csproj", "{5E6F7A8B-9C0D-1E2F-3A4B-5C6D7E8F9A0B}"
EndProject
Project("{FAE04EC0-301F-11D3-BF4B-00C04F79EFBC}") = "RtfDomParserAv", "src\RtfDomParserAvalonia\RtfDomParserAvalonia\RtfDomParserAv.csproj", "{622AE00F-1FA1-4637-94BB-A972F7DFE911}"
EndProject
Project("{FAE04EC0-301F-11D3-BF4B-00C04F79EFBC}") = "AvRichTextBox", "src\AvRichTextBox\AvRichTextBox\AvRichTextBox.csproj", "{A1B66BC7-17AE-462B-BA53-275334E98B48}"
EndProject
Global
	GlobalSection(SolutionConfigurationPlatforms) = preSolution
		Debug|Any CPU = Debug|Any CPU
		Debug|x64 = Debug|x64
		Debug|x86 = Debug|x86
		Release|Any CPU = Release|Any CPU
		Release|x64 = Release|x64
		Release|x86 = Release|x86
	EndGlobalSection
	GlobalSection(ProjectConfigurationPlatforms) = postSolution
		{8A9D1E2F-3C4B-5E6A-7D8B-9F1A2C3D4E5F}.Debug|Any CPU.ActiveCfg = Debug|Any CPU
		{8A9D1E2F-3C4B-5E6A-7D8B-9F1A2C3D4E5F}.Debug|Any CPU.Build.0 = Debug|Any CPU
		{8A9D1E2F-3C4B-5E6A-7D8B-9F1A2C3D4E5F}.Debug|x64.ActiveCfg = Debug|Any CPU
		{8A9D1E2F-3C4B-5E6A-7D8B-9F1A2C3D4E5F}.Debug|x64.Build.0 = Debug|Any CPU
		{8A9D1E2F-3C4B-5E6A-7D8B-9F1A2C3D4E5F}.Debug|x86.ActiveCfg = Debug|Any CPU
		{8A9D1E2F-3C4B-5E6A-7D8B-9F1A2C3D4E5F}.Debug|x86.Build.0 = Debug|Any CPU
		{8A9D1E2F-3C4B-5E6A-7D8B-9F1A2C3D4E5F}.Release|Any CPU.ActiveCfg = Release|Any CPU
		{8A9D1E2F-3C4B-5E6A-7D8B-9F1A2C3D4E5F}.Release|Any CPU.Build.0 = Release|Any CPU
		{8A9D1E2F-3C4B-5E6A-7D8B-9F1A2C3D4E5F}.Release|x64.ActiveCfg = Release|Any CPU
		{8A9D1E2F-3C4B-5E6A-7D8B-9F1A2C3D4E5F}.Release|x64.Build.0 = Release|Any CPU
		{8A9D1E2F-3C4B-5E6A-7D8B-9F1A2C3D4E5F}.Release|x86.ActiveCfg = Release|Any CPU
		{8A9D1E2F-3C4B-5E6A-7D8B-9F1A2C3D4E5F}.Release|x86.Build.0 = Release|Any CPU
		{6D60797F-9C20-45A9-9555-38865885E5C8}.Debug|Any CPU.ActiveCfg = Debug|Any CPU
		{6D60797F-9C20-45A9-9555-38865885E5C8}.Debug|Any CPU.Build.0 = Debug|Any CPU
		{6D60797F-9C20-45A9-9555-38865885E5C8}.Debug|x64.ActiveCfg = Debug|Any CPU
		{6D60797F-9C20-45A9-9555-38865885E5C8}.Debug|x64.Build.0 = Debug|Any CPU
		{6D60797F-9C20-45A9-9555-38865885E5C8}.Debug|x86.ActiveCfg = Debug|Any CPU
		{6D60797F-9C20-45A9-9555-38865885E5C8}.Debug|x86.Build.0 = Debug|Any CPU
		{6D60797F-9C20-45A9-9555-38865885E5C8}.Release|Any CPU.ActiveCfg = Release|Any CPU
		{6D60797F-9C20-45A9-9555-38865885E5C8}.Release|Any CPU.Build.0 = Release|Any CPU
		{6D60797F-9C20-45A9-9555-38865885E5C8}.Release|x64.ActiveCfg = Release|Any CPU
		{6D60797F-9C20-45A9-9555-38865885E5C8}.Release|x64.Build.0 = Release|Any CPU
		{6D60797F-9C20-45A9-9555-38865885E5C8}.Release|x86.ActiveCfg = Release|Any CPU
		{6D60797F-9C20-45A9-9555-38865885E5C8}.Release|x86.Build.0 = Release|Any CPU
		{3452FBD2-23D5-4E96-938A-087B0A2010E5}.Debug|Any CPU.ActiveCfg = Debug|Any CPU
		{3452FBD2-23D5-4E96-938A-087B0A2010E5}.Debug|Any CPU.Build.0 = Debug|Any CPU
		{3452FBD2-23D5-4E96-938A-087B0A2010E5}.Debug|x64.ActiveCfg = Debug|Any CPU
		{3452FBD2-23D5-4E96-938A-087B0A2010E5}.Debug|x64.Build.0 = Debug|Any CPU
		{3452FBD2-23D5-4E96-938A-087B0A2010E5}.Debug|x86.ActiveCfg = Debug|Any CPU
		{3452FBD2-23D5-4E96-938A-087B0A2010E5}.Debug|x86.Build.0 = Debug|Any CPU
		{3452FBD2-23D5-4E96-938A-087B0A2010E5}.Release|Any CPU.ActiveCfg = Release|Any CPU
		{3452FBD2-23D5-4E96-938A-087B0A2010E5}.Release|Any CPU.Build.0 = Release|Any CPU
		{3452FBD2-23D5-4E96-938A-087B0A2010E5}.Release|x64.ActiveCfg = Release|Any CPU
		{3452FBD2-23D5-4E96-938A-087B0A2010E5}.Release|x64.Build.0 = Release|Any CPU
		{3452FBD2-23D5-4E96-938A-087B0A2010E5}.Release|x86.ActiveCfg = Release|Any CPU
		{3452FBD2-23D5-4E96-938A-087B0A2010E5}.Release|x86.Build.0 = Release|Any CPU
		{E5AD48E5-052B-4312-BB09-B98A10B48663}.Debug|Any CPU.ActiveCfg = Debug|Any CPU
		{E5AD48E5-052B-4312-BB09-B98A10B48663}.Debug|Any CPU.Build.0 = Debug|Any CPU
		{E5AD48E5-052B-4312-BB09-B98A10B48663}.Debug|x64.ActiveCfg = Debug|Any CPU
		{E5AD48E5-052B-4312-BB09-B98A10B48663}.Debug|x64.Build.0 = Debug|Any CPU
		{E5AD48E5-052B-4312-BB09-B98A10B48663}.Debug|x86.ActiveCfg = Debug|Any CPU
		{E5AD48E5-052B-4312-BB09-B98A10B48663}.Debug|x86.Build.0 = Debug|Any CPU
		{E5AD48E5-052B-4312-BB09-B98A10B48663}.Release|Any CPU.ActiveCfg = Release|Any CPU
		{E5AD48E5-052B-4312-BB09-B98A10B48663}.Release|Any CPU.Build.0 = Release|Any CPU
		{E5AD48E5-052B-4312-BB09-B98A10B48663}.Release|x64.ActiveCfg = Release|Any CPU
		{E5AD48E5-052B-4312-BB09-B98A10B48663}.Release|x64.Build.0 = Release|Any CPU
		{E5AD48E5-052B-4312-BB09-B98A10B48663}.Release|x86.ActiveCfg = Release|Any CPU
		{E5AD48E5-052B-4312-BB09-B98A10B48663}.Release|x86.Build.0 = Release|Any CPU
		{18E620A8-3053-482B-9A89-B0D9112A750D}.Debug|Any CPU.ActiveCfg = Debug|Any CPU
		{18E620A8-3053-482B-9A89-B0D9112A750D}.Debug|Any CPU.Build.0 = Debug|Any CPU
		{18E620A8-3053-482B-9A89-B0D9112A750D}.Debug|x64.ActiveCfg = Debug|Any CPU
		{18E620A8-3053-482B-9A89-B0D9112A750D}.Debug|x64.Build.0 = Debug|Any CPU
		{18E620A8-3053-482B-9A89-B0D9112A750D}.Debug|x86.ActiveCfg = Debug|Any CPU
		{18E620A8-3053-482B-9A89-B0D9112A750D}.Debug|x86.Build.0 = Debug|Any CPU
		{18E620A8-3053-482B-9A89-B0D9112A750D}.Release|Any CPU.ActiveCfg = Release|Any CPU
		{18E620A8-3053-482B-9A89-B0D9112A750D}.Release|Any CPU.Build.0 = Release|Any CPU
		{18E620A8-3053-482B-9A89-B0D9112A750D}.Release|x64.ActiveCfg = Release|Any CPU
		{18E620A8-3053-482B-9A89-B0D9112A750D}.Release|x64.Build.0 = Release|Any CPU
		{18E620A8-3053-482B-9A89-B0D9112A750D}.Release|x86.ActiveCfg = Release|Any CPU
		{18E620A8-3053-482B-9A89-B0D9112A750D}.Release|x86.Build.0 = Release|Any CPU
		{37B19E9C-E304-42EB-B1E6-4650ECCADE91}.Debug|Any CPU.ActiveCfg = Debug|Any CPU
		{37B19E9C-E304-42EB-B1E6-4650ECCADE91}.Debug|Any CPU.Build.0 = Debug|Any CPU
		{37B19E9C-E304-42EB-B1E6-4650ECCADE91}.Debug|x64.ActiveCfg = Debug|Any CPU
		{37B19E9C-E304-42EB-B1E6-4650ECCADE91}.Debug|x64.Build.0 = Debug|Any CPU
		{37B19E9C-E304-42EB-B1E6-4650ECCADE91}.Debug|x86.ActiveCfg = Debug|Any CPU
		{37B19E9C-E304-42EB-B1E6-4650ECCADE91}.Debug|x86.Build.0 = Debug|Any CPU
		{37B19E9C-E304-42EB-B1E6-4650ECCADE91}.Release|Any CPU.ActiveCfg = Release|Any CPU
		{37B19E9C-E304-42EB-B1E6-4650ECCADE91}.Release|Any CPU.Build.0 = Release|Any CPU
		{37B19E9C-E304-42EB-B1E6-4650ECCADE91}.Release|x64.ActiveCfg = Release|Any CPU
		{37B19E9C-E304-42EB-B1E6-4650ECCADE91}.Release|x64.Build.0 = Release|Any CPU
		{37B19E9C-E304-42EB-B1E6-4650ECCADE91}.Release|x86.ActiveCfg = Release|Any CPU
		{37B19E9C-E304-42EB-B1E6-4650ECCADE91}.Release|x86.Build.0 = Release|Any CPU
		{432FF7BA-B171-49EC-BF32-7190BF9F2325}.Debug|Any CPU.ActiveCfg = Debug|Any CPU
		{432FF7BA-B171-49EC-BF32-7190BF9F2325}.Debug|Any CPU.Build.0 = Debug|Any CPU
		{432FF7BA-B171-49EC-BF32-7190BF9F2325}.Debug|x64.ActiveCfg = Debug|Any CPU
		{432FF7BA-B171-49EC-BF32-7190BF9F2325}.Debug|x64.Build.0 = Debug|Any CPU
		{432FF7BA-B171-49EC-BF32-7190BF9F2325}.Debug|x86.ActiveCfg = Debug|Any CPU
		{432FF7BA-B171-49EC-BF32-7190BF9F2325}.Debug|x86.Build.0 = Debug|Any CPU
		{432FF7BA-B171-49EC-BF32-7190BF9F2325}.Release|Any CPU.ActiveCfg = Release|Any CPU
		{432FF7BA-B171-49EC-BF32-7190BF9F2325}.Release|Any CPU.Build.0 = Release|Any CPU
		{432FF7BA-B171-49EC-BF32-7190BF9F2325}.Release|x64.ActiveCfg = Release|Any CPU
		{432FF7BA-B171-49EC-BF32-7190BF9F2325}.Release|x64.Build.0 = Release|Any CPU
		{432FF7BA-B171-49EC-BF32-7190BF9F2325}.Release|x86.ActiveCfg = Release|Any CPU
		{432FF7BA-B171-49EC-BF32-7190BF9F2325}.Release|x86.Build.0 = Release|Any CPU
		{89381CF8-A859-479A-AEAC-9C8A36D6D355}.Debug|Any CPU.ActiveCfg = Debug|Any CPU
		{89381CF8-A859-479A-AEAC-9C8A36D6D355}.Debug|Any CPU.Build.0 = Debug|Any CPU
		{89381CF8-A859-479A-AEAC-9C8A36D6D355}.Debug|x64.ActiveCfg = Debug|Any CPU
		{89381CF8-A859-479A-AEAC-9C8A36D6D355}.Debug|x64.Build.0 = Debug|Any CPU
		{89381CF8-A859-479A-AEAC-9C8A36D6D355}.Debug|x86.ActiveCfg = Debug|Any CPU
		{89381CF8-A859-479A-AEAC-9C8A36D6D355}.Debug|x86.Build.0 = Debug|Any CPU
		{89381CF8-A859-479A-AEAC-9C8A36D6D355}.Release|Any CPU.ActiveCfg = Release|Any CPU
		{89381CF8-A859-479A-AEAC-9C8A36D6D355}.Release|Any CPU.Build.0 = Release|Any CPU
		{89381CF8-A859-479A-AEAC-9C8A36D6D355}.Release|x64.ActiveCfg = Release|Any CPU
		{89381CF8-A859-479A-AEAC-9C8A36D6D355}.Release|x64.Build.0 = Release|Any CPU
		{89381CF8-A859-479A-AEAC-9C8A36D6D355}.Release|x86.ActiveCfg = Release|Any CPU
		{89381CF8-A859-479A-AEAC-9C8A36D6D355}.Release|x86.Build.0 = Release|Any CPU
		{C013626C-1404-4FEF-A1B4-C02CADA857BC}.Debug|Any CPU.ActiveCfg = Debug|Any CPU
		{C013626C-1404-4FEF-A1B4-C02CADA857BC}.Debug|Any CPU.Build.0 = Debug|Any CPU
		{C013626C-1404-4FEF-A1B4-C02CADA857BC}.Debug|x64.ActiveCfg = Debug|Any CPU
		{C013626C-1404-4FEF-A1B4-C02CADA857BC}.Debug|x64.Build.0 = Debug|Any CPU
		{C013626C-1404-4FEF-A1B4-C02CADA857BC}.Debug|x86.ActiveCfg = Debug|Any CPU
		{C013626C-1404-4FEF-A1B4-C02CADA857BC}.Debug|x86.Build.0 = Debug|Any CPU
		{C013626C-1404-4FEF-A1B4-C02CADA857BC}.Release|Any CPU.ActiveCfg = Release|Any CPU
		{C013626C-1404-4FEF-A1B4-C02CADA857BC}.Release|Any CPU.Build.0 = Release|Any CPU
		{C013626C-1404-4FEF-A1B4-C02CADA857BC}.Release|x64.ActiveCfg = Release|Any CPU
		{C013626C-1404-4FEF-A1B4-C02CADA857BC}.Release|x64.Build.0 = Release|Any CPU
		{C013626C-1404-4FEF-A1B4-C02CADA857BC}.Release|x86.ActiveCfg = Release|Any CPU
		{C013626C-1404-4FEF-A1B4-C02CADA857BC}.Release|x86.Build.0 = Release|Any CPU
		{827FE34C-1C5F-4F6E-8D68-917689C4EBA5}.Debug|Any CPU.ActiveCfg = Debug|Any CPU
		{827FE34C-1C5F-4F6E-8D68-917689C4EBA5}.Debug|Any CPU.Build.0 = Debug|Any CPU
		{827FE34C-1C5F-4F6E-8D68-917689C4EBA5}.Debug|x64.ActiveCfg = Debug|Any CPU
		{827FE34C-1C5F-4F6E-8D68-917689C4EBA5}.Debug|x64.Build.0 = Debug|Any CPU
		{827FE34C-1C5F-4F6E-8D68-917689C4EBA5}.Debug|x86.ActiveCfg = Debug|Any CPU
		{827FE34C-1C5F-4F6E-8D68-917689C4EBA5}.Debug|x86.Build.0 = Debug|Any CPU
		{827FE34C-1C5F-4F6E-8D68-917689C4EBA5}.Release|Any CPU.ActiveCfg = Release|Any CPU
		{827FE34C-1C5F-4F6E-8D68-917689C4EBA5}.Release|Any CPU.Build.0 = Release|Any CPU
		{827FE34C-1C5F-4F6E-8D68-917689C4EBA5}.Release|x64.ActiveCfg = Release|Any CPU
		{827FE34C-1C5F-4F6E-8D68-917689C4EBA5}.Release|x64.Build.0 = Release|Any CPU
		{827FE34C-1C5F-4F6E-8D68-917689C4EBA5}.Release|x86.ActiveCfg = Release|Any CPU
		{827FE34C-1C5F-4F6E-8D68-917689C4EBA5}.Release|x86.Build.0 = Release|Any CPU
		{F2508EE5-8989-4AE2-8891-A7147CC1B0CB}.Debug|Any CPU.ActiveCfg = Debug|Any CPU
		{F2508EE5-8989-4AE2-8891-A7147CC1B0CB}.Debug|Any CPU.Build.0 = Debug|Any CPU
		{F2508EE5-8989-4AE2-8891-A7147CC1B0CB}.Debug|x64.ActiveCfg = Debug|Any CPU
		{F2508EE5-8989-4AE2-8891-A7147CC1B0CB}.Debug|x64.Build.0 = Debug|Any CPU
		{F2508EE5-8989-4AE2-8891-A7147CC1B0CB}.Debug|x86.ActiveCfg = Debug|Any CPU
		{F2508EE5-8989-4AE2-8891-A7147CC1B0CB}.Debug|x86.Build.0 = Debug|Any CPU
		{F2508EE5-8989-4AE2-8891-A7147CC1B0CB}.Release|Any CPU.ActiveCfg = Release|Any CPU
		{F2508EE5-8989-4AE2-8891-A7147CC1B0CB}.Release|Any CPU.Build.0 = Release|Any CPU
		{F2508EE5-8989-4AE2-8891-A7147CC1B0CB}.Release|x64.ActiveCfg = Release|Any CPU
		{F2508EE5-8989-4AE2-8891-A7147CC1B0CB}.Release|x64.Build.0 = Release|Any CPU
		{F2508EE5-8989-4AE2-8891-A7147CC1B0CB}.Release|x86.ActiveCfg = Release|Any CPU
		{F2508EE5-8989-4AE2-8891-A7147CC1B0CB}.Release|x86.Build.0 = Release|Any CPU
		{59ECBBB7-4F75-45B4-AF07-2F741E2BAB93}.Debug|Any CPU.ActiveCfg = Debug|Any CPU
		{59ECBBB7-4F75-45B4-AF07-2F741E2BAB93}.Debug|Any CPU.Build.0 = Debug|Any CPU
		{59ECBBB7-4F75-45B4-AF07-2F741E2BAB93}.Debug|x64.ActiveCfg = Debug|Any CPU
		{59ECBBB7-4F75-45B4-AF07-2F741E2BAB93}.Debug|x64.Build.0 = Debug|Any CPU
		{59ECBBB7-4F75-45B4-AF07-2F741E2BAB93}.Debug|x86.ActiveCfg = Debug|Any CPU
		{59ECBBB7-4F75-45B4-AF07-2F741E2BAB93}.Debug|x86.Build.0 = Debug|Any CPU
		{59ECBBB7-4F75-45B4-AF07-2F741E2BAB93}.Release|Any CPU.ActiveCfg = Release|Any CPU
		{59ECBBB7-4F75-45B4-AF07-2F741E2BAB93}.Release|Any CPU.Build.0 = Release|Any CPU
		{59ECBBB7-4F75-45B4-AF07-2F741E2BAB93}.Release|x64.ActiveCfg = Release|Any CPU
		{59ECBBB7-4F75-45B4-AF07-2F741E2BAB93}.Release|x64.Build.0 = Release|Any CPU
		{59ECBBB7-4F75-45B4-AF07-2F741E2BAB93}.Release|x86.ActiveCfg = Release|Any CPU
		{59ECBBB7-4F75-45B4-AF07-2F741E2BAB93}.Release|x86.Build.0 = Release|Any CPU
		{FEED5800-938A-4D45-A8EE-73ECEF36C8A6}.Debug|Any CPU.ActiveCfg = Debug|Any CPU
		{FEED5800-938A-4D45-A8EE-73ECEF36C8A6}.Debug|Any CPU.Build.0 = Debug|Any CPU
		{FEED5800-938A-4D45-A8EE-73ECEF36C8A6}.Debug|x64.ActiveCfg = Debug|Any CPU
		{FEED5800-938A-4D45-A8EE-73ECEF36C8A6}.Debug|x64.Build.0 = Debug|Any CPU
		{FEED5800-938A-4D45-A8EE-73ECEF36C8A6}.Debug|x86.ActiveCfg = Debug|Any CPU
		{FEED5800-938A-4D45-A8EE-73ECEF36C8A6}.Debug|x86.Build.0 = Debug|Any CPU
		{FEED5800-938A-4D45-A8EE-73ECEF36C8A6}.Release|Any CPU.ActiveCfg = Release|Any CPU
		{FEED5800-938A-4D45-A8EE-73ECEF36C8A6}.Release|Any CPU.Build.0 = Release|Any CPU
		{FEED5800-938A-4D45-A8EE-73ECEF36C8A6}.Release|x64.ActiveCfg = Release|Any CPU
		{FEED5800-938A-4D45-A8EE-73ECEF36C8A6}.Release|x64.Build.0 = Release|Any CPU
		{FEED5800-938A-4D45-A8EE-73ECEF36C8A6}.Release|x86.ActiveCfg = Release|Any CPU
		{FEED5800-938A-4D45-A8EE-73ECEF36C8A6}.Release|x86.Build.0 = Release|Any CPU
		{463A33EC-7903-447E-B2CC-992FD84722F3}.Debug|Any CPU.ActiveCfg = Debug|Any CPU
		{463A33EC-7903-447E-B2CC-992FD84722F3}.Debug|Any CPU.Build.0 = Debug|Any CPU
		{463A33EC-7903-447E-B2CC-992FD84722F3}.Debug|x64.ActiveCfg = Debug|Any CPU
		{463A33EC-7903-447E-B2CC-992FD84722F3}.Debug|x64.Build.0 = Debug|Any CPU
		{463A33EC-7903-447E-B2CC-992FD84722F3}.Debug|x86.ActiveCfg = Debug|Any CPU
		{463A33EC-7903-447E-B2CC-992FD84722F3}.Debug|x86.Build.0 = Debug|Any CPU
		{463A33EC-7903-447E-B2CC-992FD84722F3}.Release|Any CPU.ActiveCfg = Release|Any CPU
		{463A33EC-7903-447E-B2CC-992FD84722F3}.Release|Any CPU.Build.0 = Release|Any CPU
		{463A33EC-7903-447E-B2CC-992FD84722F3}.Release|x64.ActiveCfg = Release|Any CPU
		{463A33EC-7903-447E-B2CC-992FD84722F3}.Release|x64.Build.0 = Release|Any CPU
		{463A33EC-7903-447E-B2CC-992FD84722F3}.Release|x86.ActiveCfg = Release|Any CPU
		{463A33EC-7903-447E-B2CC-992FD84722F3}.Release|x86.Build.0 = Release|Any CPU
		{6C7E8B5E-8D4F-4B3A-9E2A-F5B7C9D1E3A4}.Debug|Any CPU.ActiveCfg = Debug|Any CPU
		{6C7E8B5E-8D4F-4B3A-9E2A-F5B7C9D1E3A4}.Debug|Any CPU.Build.0 = Debug|Any CPU
		{6C7E8B5E-8D4F-4B3A-9E2A-F5B7C9D1E3A4}.Debug|x64.ActiveCfg = Debug|Any CPU
		{6C7E8B5E-8D4F-4B3A-9E2A-F5B7C9D1E3A4}.Debug|x64.Build.0 = Debug|Any CPU
		{6C7E8B5E-8D4F-4B3A-9E2A-F5B7C9D1E3A4}.Debug|x86.ActiveCfg = Debug|Any CPU
		{6C7E8B5E-8D4F-4B3A-9E2A-F5B7C9D1E3A4}.Debug|x86.Build.0 = Debug|Any CPU
		{6C7E8B5E-8D4F-4B3A-9E2A-F5B7C9D1E3A4}.Release|Any CPU.ActiveCfg = Release|Any CPU
		{6C7E8B5E-8D4F-4B3A-9E2A-F5B7C9D1E3A4}.Release|Any CPU.Build.0 = Release|Any CPU
		{6C7E8B5E-8D4F-4B3A-9E2A-F5B7C9D1E3A4}.Release|x64.ActiveCfg = Release|Any CPU
		{6C7E8B5E-8D4F-4B3A-9E2A-F5B7C9D1E3A4}.Release|x64.Build.0 = Release|Any CPU
		{6C7E8B5E-8D4F-4B3A-9E2A-F5B7C9D1E3A4}.Release|x86.ActiveCfg = Release|Any CPU
		{6C7E8B5E-8D4F-4B3A-9E2A-F5B7C9D1E3A4}.Release|x86.Build.0 = Release|Any CPU
		{A1B2C3D4-E5F6-7A8B-9C0D-1E2F3A4B5C6D}.Debug|Any CPU.ActiveCfg = Debug|Any CPU
		{A1B2C3D4-E5F6-7A8B-9C0D-1E2F3A4B5C6D}.Debug|Any CPU.Build.0 = Debug|Any CPU
		{A1B2C3D4-E5F6-7A8B-9C0D-1E2F3A4B5C6D}.Debug|x64.ActiveCfg = Debug|Any CPU
		{A1B2C3D4-E5F6-7A8B-9C0D-1E2F3A4B5C6D}.Debug|x64.Build.0 = Debug|Any CPU
		{A1B2C3D4-E5F6-7A8B-9C0D-1E2F3A4B5C6D}.Debug|x86.ActiveCfg = Debug|Any CPU
		{A1B2C3D4-E5F6-7A8B-9C0D-1E2F3A4B5C6D}.Debug|x86.Build.0 = Debug|Any CPU
		{A1B2C3D4-E5F6-7A8B-9C0D-1E2F3A4B5C6D}.Release|Any CPU.ActiveCfg = Release|Any CPU
		{A1B2C3D4-E5F6-7A8B-9C0D-1E2F3A4B5C6D}.Release|Any CPU.Build.0 = Release|Any CPU
		{A1B2C3D4-E5F6-7A8B-9C0D-1E2F3A4B5C6D}.Release|x64.ActiveCfg = Release|Any CPU
		{A1B2C3D4-E5F6-7A8B-9C0D-1E2F3A4B5C6D}.Release|x64.Build.0 = Release|Any CPU
		{A1B2C3D4-E5F6-7A8B-9C0D-1E2F3A4B5C6D}.Release|x86.ActiveCfg = Release|Any CPU
		{A1B2C3D4-E5F6-7A8B-9C0D-1E2F3A4B5C6D}.Release|x86.Build.0 = Release|Any CPU
		{923C03F6-1D28-4BE5-AF20-76593AD8F716}.Debug|Any CPU.ActiveCfg = Debug|Any CPU
		{923C03F6-1D28-4BE5-AF20-76593AD8F716}.Debug|Any CPU.Build.0 = Debug|Any CPU
		{923C03F6-1D28-4BE5-AF20-76593AD8F716}.Debug|x64.ActiveCfg = Debug|Any CPU
		{923C03F6-1D28-4BE5-AF20-76593AD8F716}.Debug|x64.Build.0 = Debug|Any CPU
		{923C03F6-1D28-4BE5-AF20-76593AD8F716}.Debug|x86.ActiveCfg = Debug|Any CPU
		{923C03F6-1D28-4BE5-AF20-76593AD8F716}.Debug|x86.Build.0 = Debug|Any CPU
		{923C03F6-1D28-4BE5-AF20-76593AD8F716}.Release|Any CPU.ActiveCfg = Release|Any CPU
		{923C03F6-1D28-4BE5-AF20-76593AD8F716}.Release|Any CPU.Build.0 = Release|Any CPU
		{923C03F6-1D28-4BE5-AF20-76593AD8F716}.Release|x64.ActiveCfg = Release|Any CPU
		{923C03F6-1D28-4BE5-AF20-76593AD8F716}.Release|x64.Build.0 = Release|Any CPU
		{923C03F6-1D28-4BE5-AF20-76593AD8F716}.Release|x86.ActiveCfg = Release|Any CPU
		{923C03F6-1D28-4BE5-AF20-76593AD8F716}.Release|x86.Build.0 = Release|Any CPU
		{B5D847E7-A300-47D8-BCA1-3339A71E0E88}.Debug|Any CPU.ActiveCfg = Debug|x86
		{B5D847E7-A300-47D8-BCA1-3339A71E0E88}.Debug|Any CPU.Build.0 = Debug|x86
		{B5D847E7-A300-47D8-BCA1-3339A71E0E88}.Debug|x64.ActiveCfg = Debug|x64
		{B5D847E7-A300-47D8-BCA1-3339A71E0E88}.Debug|x64.Build.0 = Debug|x64
		{B5D847E7-A300-47D8-BCA1-3339A71E0E88}.Debug|x86.ActiveCfg = Debug|x86
		{B5D847E7-A300-47D8-BCA1-3339A71E0E88}.Debug|x86.Build.0 = Debug|x86
		{B5D847E7-A300-47D8-BCA1-3339A71E0E88}.Release|Any CPU.ActiveCfg = Release|x86
		{B5D847E7-A300-47D8-BCA1-3339A71E0E88}.Release|Any CPU.Build.0 = Release|x86
		{B5D847E7-A300-47D8-BCA1-3339A71E0E88}.Release|x64.ActiveCfg = Release|x64
		{B5D847E7-A300-47D8-BCA1-3339A71E0E88}.Release|x64.Build.0 = Release|x64
		{B5D847E7-A300-47D8-BCA1-3339A71E0E88}.Release|x86.ActiveCfg = Release|x86
		{B5D847E7-A300-47D8-BCA1-3339A71E0E88}.Release|x86.Build.0 = Release|x86
		{06F3A9B8-9C87-40D2-94B5-A509238F348D}.Debug|Any CPU.ActiveCfg = Debug|Any CPU
		{06F3A9B8-9C87-40D2-94B5-A509238F348D}.Debug|Any CPU.Build.0 = Debug|Any CPU
		{06F3A9B8-9C87-40D2-94B5-A509238F348D}.Debug|x64.ActiveCfg = Debug|Any CPU
		{06F3A9B8-9C87-40D2-94B5-A509238F348D}.Debug|x64.Build.0 = Debug|Any CPU
		{06F3A9B8-9C87-40D2-94B5-A509238F348D}.Debug|x86.ActiveCfg = Debug|Any CPU
		{06F3A9B8-9C87-40D2-94B5-A509238F348D}.Debug|x86.Build.0 = Debug|Any CPU
		{06F3A9B8-9C87-40D2-94B5-A509238F348D}.Release|Any CPU.ActiveCfg = Release|Any CPU
		{06F3A9B8-9C87-40D2-94B5-A509238F348D}.Release|Any CPU.Build.0 = Release|Any CPU
		{06F3A9B8-9C87-40D2-94B5-A509238F348D}.Release|x64.ActiveCfg = Release|Any CPU
		{06F3A9B8-9C87-40D2-94B5-A509238F348D}.Release|x64.Build.0 = Release|Any CPU
		{06F3A9B8-9C87-40D2-94B5-A509238F348D}.Release|x86.ActiveCfg = Release|Any CPU
		{06F3A9B8-9C87-40D2-94B5-A509238F348D}.Release|x86.Build.0 = Release|Any CPU
		{1A2B3C4D-5E6F-7A8B-9C0D-1E2F3A4B5C6D}.Debug|Any CPU.ActiveCfg = Debug|Any CPU
		{1A2B3C4D-5E6F-7A8B-9C0D-1E2F3A4B5C6D}.Debug|Any CPU.Build.0 = Debug|Any CPU
		{1A2B3C4D-5E6F-7A8B-9C0D-1E2F3A4B5C6D}.Debug|x64.ActiveCfg = Debug|Any CPU
		{1A2B3C4D-5E6F-7A8B-9C0D-1E2F3A4B5C6D}.Debug|x64.Build.0 = Debug|Any CPU
		{1A2B3C4D-5E6F-7A8B-9C0D-1E2F3A4B5C6D}.Debug|x86.ActiveCfg = Debug|Any CPU
		{1A2B3C4D-5E6F-7A8B-9C0D-1E2F3A4B5C6D}.Debug|x86.Build.0 = Debug|Any CPU
		{1A2B3C4D-5E6F-7A8B-9C0D-1E2F3A4B5C6D}.Release|Any CPU.ActiveCfg = Release|Any CPU
		{1A2B3C4D-5E6F-7A8B-9C0D-1E2F3A4B5C6D}.Release|Any CPU.Build.0 = Release|Any CPU
		{1A2B3C4D-5E6F-7A8B-9C0D-1E2F3A4B5C6D}.Release|x64.ActiveCfg = Release|Any CPU
		{1A2B3C4D-5E6F-7A8B-9C0D-1E2F3A4B5C6D}.Release|x64.Build.0 = Release|Any CPU
		{1A2B3C4D-5E6F-7A8B-9C0D-1E2F3A4B5C6D}.Release|x86.ActiveCfg = Release|Any CPU
		{1A2B3C4D-5E6F-7A8B-9C0D-1E2F3A4B5C6D}.Release|x86.Build.0 = Release|Any CPU
		{2B3C4D5E-6F7A-8B9C-0D1E-2F3A4B5C6D7E}.Debug|Any CPU.ActiveCfg = Debug|Any CPU
		{2B3C4D5E-6F7A-8B9C-0D1E-2F3A4B5C6D7E}.Debug|Any CPU.Build.0 = Debug|Any CPU
		{2B3C4D5E-6F7A-8B9C-0D1E-2F3A4B5C6D7E}.Debug|x64.ActiveCfg = Debug|Any CPU
		{2B3C4D5E-6F7A-8B9C-0D1E-2F3A4B5C6D7E}.Debug|x64.Build.0 = Debug|Any CPU
		{2B3C4D5E-6F7A-8B9C-0D1E-2F3A4B5C6D7E}.Debug|x86.ActiveCfg = Debug|Any CPU
		{2B3C4D5E-6F7A-8B9C-0D1E-2F3A4B5C6D7E}.Debug|x86.Build.0 = Debug|Any CPU
		{2B3C4D5E-6F7A-8B9C-0D1E-2F3A4B5C6D7E}.Release|Any CPU.ActiveCfg = Release|Any CPU
		{2B3C4D5E-6F7A-8B9C-0D1E-2F3A4B5C6D7E}.Release|Any CPU.Build.0 = Release|Any CPU
		{2B3C4D5E-6F7A-8B9C-0D1E-2F3A4B5C6D7E}.Release|x64.ActiveCfg = Release|Any CPU
		{2B3C4D5E-6F7A-8B9C-0D1E-2F3A4B5C6D7E}.Release|x64.Build.0 = Release|Any CPU
		{2B3C4D5E-6F7A-8B9C-0D1E-2F3A4B5C6D7E}.Release|x86.ActiveCfg = Release|Any CPU
		{2B3C4D5E-6F7A-8B9C-0D1E-2F3A4B5C6D7E}.Release|x86.Build.0 = Release|Any CPU
		{9B1E2F3A-4D5C-6F7B-8E9C-0A1B2C3D4E5F}.Debug|Any CPU.ActiveCfg = Debug|Any CPU
		{9B1E2F3A-4D5C-6F7B-8E9C-0A1B2C3D4E5F}.Debug|Any CPU.Build.0 = Debug|Any CPU
		{9B1E2F3A-4D5C-6F7B-8E9C-0A1B2C3D4E5F}.Debug|x64.ActiveCfg = Debug|Any CPU
		{9B1E2F3A-4D5C-6F7B-8E9C-0A1B2C3D4E5F}.Debug|x64.Build.0 = Debug|Any CPU
		{9B1E2F3A-4D5C-6F7B-8E9C-0A1B2C3D4E5F}.Debug|x86.ActiveCfg = Debug|Any CPU
		{9B1E2F3A-4D5C-6F7B-8E9C-0A1B2C3D4E5F}.Debug|x86.Build.0 = Debug|Any CPU
		{9B1E2F3A-4D5C-6F7B-8E9C-0A1B2C3D4E5F}.Release|Any CPU.ActiveCfg = Release|Any CPU
		{9B1E2F3A-4D5C-6F7B-8E9C-0A1B2C3D4E5F}.Release|Any CPU.Build.0 = Release|Any CPU
		{9B1E2F3A-4D5C-6F7B-8E9C-0A1B2C3D4E5F}.Release|x64.ActiveCfg = Release|Any CPU
		{9B1E2F3A-4D5C-6F7B-8E9C-0A1B2C3D4E5F}.Release|x64.Build.0 = Release|Any CPU
		{9B1E2F3A-4D5C-6F7B-8E9C-0A1B2C3D4E5F}.Release|x86.ActiveCfg = Release|Any CPU
		{9B1E2F3A-4D5C-6F7B-8E9C-0A1B2C3D4E5F}.Release|x86.Build.0 = Release|Any CPU
		{5FBA2891-C5C6-4B17-A6E2-1C9EFEC7E8DF}.Debug|Any CPU.ActiveCfg = Debug|Any CPU
		{5FBA2891-C5C6-4B17-A6E2-1C9EFEC7E8DF}.Debug|Any CPU.Build.0 = Debug|Any CPU
		{5FBA2891-C5C6-4B17-A6E2-1C9EFEC7E8DF}.Debug|x64.ActiveCfg = Debug|Any CPU
		{5FBA2891-C5C6-4B17-A6E2-1C9EFEC7E8DF}.Debug|x64.Build.0 = Debug|Any CPU
		{5FBA2891-C5C6-4B17-A6E2-1C9EFEC7E8DF}.Debug|x86.ActiveCfg = Debug|Any CPU
		{5FBA2891-C5C6-4B17-A6E2-1C9EFEC7E8DF}.Debug|x86.Build.0 = Debug|Any CPU
		{5FBA2891-C5C6-4B17-A6E2-1C9EFEC7E8DF}.Release|Any CPU.ActiveCfg = Release|Any CPU
		{5FBA2891-C5C6-4B17-A6E2-1C9EFEC7E8DF}.Release|Any CPU.Build.0 = Release|Any CPU
		{5FBA2891-C5C6-4B17-A6E2-1C9EFEC7E8DF}.Release|x64.ActiveCfg = Release|Any CPU
		{5FBA2891-C5C6-4B17-A6E2-1C9EFEC7E8DF}.Release|x64.Build.0 = Release|Any CPU
		{5FBA2891-C5C6-4B17-A6E2-1C9EFEC7E8DF}.Release|x86.ActiveCfg = Release|Any CPU
		{5FBA2891-C5C6-4B17-A6E2-1C9EFEC7E8DF}.Release|x86.Build.0 = Release|Any CPU
		{4D5E6F7A-8B9C-0D1E-2F3A-4B5C6D7E8F9A}.Debug|Any CPU.ActiveCfg = Debug|Any CPU
		{4D5E6F7A-8B9C-0D1E-2F3A-4B5C6D7E8F9A}.Debug|Any CPU.Build.0 = Debug|Any CPU
		{4D5E6F7A-8B9C-0D1E-2F3A-4B5C6D7E8F9A}.Debug|x64.ActiveCfg = Debug|Any CPU
		{4D5E6F7A-8B9C-0D1E-2F3A-4B5C6D7E8F9A}.Debug|x64.Build.0 = Debug|Any CPU
		{4D5E6F7A-8B9C-0D1E-2F3A-4B5C6D7E8F9A}.Debug|x86.ActiveCfg = Debug|Any CPU
		{4D5E6F7A-8B9C-0D1E-2F3A-4B5C6D7E8F9A}.Debug|x86.Build.0 = Debug|Any CPU
		{4D5E6F7A-8B9C-0D1E-2F3A-4B5C6D7E8F9A}.Release|Any CPU.ActiveCfg = Release|Any CPU
		{4D5E6F7A-8B9C-0D1E-2F3A-4B5C6D7E8F9A}.Release|Any CPU.Build.0 = Release|Any CPU
		{4D5E6F7A-8B9C-0D1E-2F3A-4B5C6D7E8F9A}.Release|x64.ActiveCfg = Release|Any CPU
		{4D5E6F7A-8B9C-0D1E-2F3A-4B5C6D7E8F9A}.Release|x64.Build.0 = Release|Any CPU
		{4D5E6F7A-8B9C-0D1E-2F3A-4B5C6D7E8F9A}.Release|x86.ActiveCfg = Release|Any CPU
		{4D5E6F7A-8B9C-0D1E-2F3A-4B5C6D7E8F9A}.Release|x86.Build.0 = Release|Any CPU
		{5E6F7A8B-9C0D-1E2F-3A4B-5C6D7E8F9A0B}.Debug|Any CPU.ActiveCfg = Debug|Any CPU
		{5E6F7A8B-9C0D-1E2F-3A4B-5C6D7E8F9A0B}.Debug|Any CPU.Build.0 = Debug|Any CPU
		{5E6F7A8B-9C0D-1E2F-3A4B-5C6D7E8F9A0B}.Debug|x64.ActiveCfg = Debug|Any CPU
		{5E6F7A8B-9C0D-1E2F-3A4B-5C6D7E8F9A0B}.Debug|x64.Build.0 = Debug|Any CPU
		{5E6F7A8B-9C0D-1E2F-3A4B-5C6D7E8F9A0B}.Debug|x86.ActiveCfg = Debug|Any CPU
		{5E6F7A8B-9C0D-1E2F-3A4B-5C6D7E8F9A0B}.Debug|x86.Build.0 = Debug|Any CPU
		{5E6F7A8B-9C0D-1E2F-3A4B-5C6D7E8F9A0B}.Release|Any CPU.ActiveCfg = Release|Any CPU
		{5E6F7A8B-9C0D-1E2F-3A4B-5C6D7E8F9A0B}.Release|Any CPU.Build.0 = Release|Any CPU
		{5E6F7A8B-9C0D-1E2F-3A4B-5C6D7E8F9A0B}.Release|x64.ActiveCfg = Release|Any CPU
		{5E6F7A8B-9C0D-1E2F-3A4B-5C6D7E8F9A0B}.Release|x64.Build.0 = Release|Any CPU
		{5E6F7A8B-9C0D-1E2F-3A4B-5C6D7E8F9A0B}.Release|x86.ActiveCfg = Release|Any CPU
		{5E6F7A8B-9C0D-1E2F-3A4B-5C6D7E8F9A0B}.Release|x86.Build.0 = Release|Any CPU
		{622AE00F-1FA1-4637-94BB-A972F7DFE911}.Debug|Any CPU.ActiveCfg = Debug|Any CPU
		{622AE00F-1FA1-4637-94BB-A972F7DFE911}.Debug|Any CPU.Build.0 = Debug|Any CPU
		{622AE00F-1FA1-4637-94BB-A972F7DFE911}.Debug|x64.ActiveCfg = Debug|Any CPU
		{622AE00F-1FA1-4637-94BB-A972F7DFE911}.Debug|x64.Build.0 = Debug|Any CPU
		{622AE00F-1FA1-4637-94BB-A972F7DFE911}.Debug|x86.ActiveCfg = Debug|Any CPU
		{622AE00F-1FA1-4637-94BB-A972F7DFE911}.Debug|x86.Build.0 = Debug|Any CPU
		{622AE00F-1FA1-4637-94BB-A972F7DFE911}.Release|Any CPU.ActiveCfg = Release|Any CPU
		{622AE00F-1FA1-4637-94BB-A972F7DFE911}.Release|Any CPU.Build.0 = Release|Any CPU
		{622AE00F-1FA1-4637-94BB-A972F7DFE911}.Release|x64.ActiveCfg = Release|Any CPU
		{622AE00F-1FA1-4637-94BB-A972F7DFE911}.Release|x64.Build.0 = Release|Any CPU
		{622AE00F-1FA1-4637-94BB-A972F7DFE911}.Release|x86.ActiveCfg = Release|Any CPU
		{622AE00F-1FA1-4637-94BB-A972F7DFE911}.Release|x86.Build.0 = Release|Any CPU
		{A1B66BC7-17AE-462B-BA53-275334E98B48}.Debug|Any CPU.ActiveCfg = Debug|Any CPU
		{A1B66BC7-17AE-462B-BA53-275334E98B48}.Debug|Any CPU.Build.0 = Debug|Any CPU
		{A1B66BC7-17AE-462B-BA53-275334E98B48}.Debug|x64.ActiveCfg = Debug|Any CPU
		{A1B66BC7-17AE-462B-BA53-275334E98B48}.Debug|x64.Build.0 = Debug|Any CPU
		{A1B66BC7-17AE-462B-BA53-275334E98B48}.Debug|x86.ActiveCfg = Debug|Any CPU
		{A1B66BC7-17AE-462B-BA53-275334E98B48}.Debug|x86.Build.0 = Debug|Any CPU
		{A1B66BC7-17AE-462B-BA53-275334E98B48}.Release|Any CPU.ActiveCfg = Release|Any CPU
		{A1B66BC7-17AE-462B-BA53-275334E98B48}.Release|Any CPU.Build.0 = Release|Any CPU
		{A1B66BC7-17AE-462B-BA53-275334E98B48}.Release|x64.ActiveCfg = Release|Any CPU
		{A1B66BC7-17AE-462B-BA53-275334E98B48}.Release|x64.Build.0 = Release|Any CPU
		{A1B66BC7-17AE-462B-BA53-275334E98B48}.Release|x86.ActiveCfg = Release|Any CPU
		{A1B66BC7-17AE-462B-BA53-275334E98B48}.Release|x86.Build.0 = Release|Any CPU
	EndGlobalSection
	GlobalSection(SolutionProperties) = preSolution
		HideSolutionNode = FALSE
	EndGlobalSection
	GlobalSection(NestedProjects) = preSolution
		{622AE00F-1FA1-4637-94BB-A972F7DFE911} = {F6A7B8C9-D0E1-2F3A-4B5C-6D7E8F9A0B1C}
		{A1B66BC7-17AE-462B-BA53-275334E98B48} = {F6A7B8C9-D0E1-2F3A-4B5C-6D7E8F9A0B1C}
	EndGlobalSection
EndGlobal
