
Microsoft Visual Studio Solution File, Format Version 12.00
# Visual Studio Version 17
VisualStudioVersion = 17.0.31903.59
MinimumVisualStudioVersion = 10.0.40219.1
Project("{FAE04EC0-301F-11D3-BF4B-00C04F79EFBC}") = "HoloPatcher", "src\HoloPatcher\HoloPatcher.csproj", "{6C7E8B5E-8D4F-4B3A-9E2A-F5B7C9D1E3A4}"
EndProject
Project("{FAE04EC0-301F-11D3-BF4B-00C04F79EFBC}") = "CSharpKOTOR", "src\CSharpKOTOR\CSharpKOTOR.csproj", "{8A9D1E2F-3C4B-5E6A-7D8B-9F1A2C3D4E5F}"
EndProject
Project("{FAE04EC0-301F-11D3-BF4B-00C04F79EFBC}") = "TSLPatcher.Tests", "src\TSLPatcher.Tests\TSLPatcher.Tests.csproj", "{9B1E2F3A-4D5C-6F7B-8E9C-0A1B2C3D4E5F}"
EndProject
Project("{2150E333-8FDC-42A3-9474-1A3956D46DE8}") = "src", "src", "{827E0CD3-B72D-47B6-A68D-7590B98EB39B}"
EndProject
Project("{FAE04EC0-301F-11D3-BF4B-00C04F79EFBC}") = "NCSDecomp", "src\NCSDecomp\NCSDecomp.csproj", "{06F3A9B8-9C87-40D2-94B5-A509238F348D}"
EndProject
Project("{FAE04EC0-301F-11D3-BF4B-00C04F79EFBC}") = "HoloPatcher.UI", "src\HoloPatcher.UI\HoloPatcher.UI.csproj", "{A1B2C3D4-E5F6-7A8B-9C0D-1E2F3A4B5C6D}"
EndProject
Project("{FAE04EC0-301F-11D3-BF4B-00C04F79EFBC}") = "HolocronToolset.NET", "src\HolocronToolset.NET\HolocronToolset.NET.csproj", "{B5D847E7-A300-47D8-BCA1-3339A71E0E88}"
EndProject
Project("{FAE04EC0-301F-11D3-BF4B-00C04F79EFBC}") = "HolocronToolset.NET.Tests", "src\HolocronToolset.NET.Tests\HolocronToolset.NET.Tests.csproj", "{5FBA2891-C5C6-4B17-A6E2-1C9EFEC7E8DF}"
EndProject
Project("{2150E333-8FDC-42A3-9474-1A3956D46DE8}") = "OdysseyRuntime", "OdysseyRuntime", "{DE75CE55-0C06-42AB-7654-F4E104E2AADB}"
EndProject
Project("{FAE04EC0-301F-11D3-BF4B-00C04F79EFBC}") = "Odyssey.Core", "src\OdysseyRuntime\Odyssey.Core\Odyssey.Core.csproj", "{6D60797F-9C20-45A9-9555-38865885E5C8}"
EndProject
Project("{FAE04EC0-301F-11D3-BF4B-00C04F79EFBC}") = "Odyssey.Content", "src\OdysseyRuntime\Odyssey.Content\Odyssey.Content.csproj", "{3452FBD2-23D5-4E96-938A-087B0A2010E5}"
EndProject
Project("{FAE04EC0-301F-11D3-BF4B-00C04F79EFBC}") = "Odyssey.Scripting", "src\OdysseyRuntime\Odyssey.Scripting\Odyssey.Scripting.csproj", "{E5AD48E5-052B-4312-BB09-B98A10B48663}"
EndProject
Project("{FAE04EC0-301F-11D3-BF4B-00C04F79EFBC}") = "Odyssey.Kotor", "src\OdysseyRuntime\Odyssey.Kotor\Odyssey.Kotor.csproj", "{827FE34C-1C5F-4F6E-8D68-917689C4EBA5}"
EndProject
Project("{FAE04EC0-301F-11D3-BF4B-00C04F79EFBC}") = "Odyssey.MonoGame", "src\OdysseyRuntime\Odyssey.MonoGame\Odyssey.MonoGame.csproj", "{432FF7BA-B171-49EC-BF32-7190BF9F2325}"
EndProject
Project("{FAE04EC0-301F-11D3-BF4B-00C04F79EFBC}") = "Odyssey.Game", "src\OdysseyRuntime\Odyssey.Game\Odyssey.Game.csproj", "{463A33EC-7903-447E-B2CC-992FD84722F3}"
EndProject
Project("{FAE04EC0-301F-11D3-BF4B-00C04F79EFBC}") = "Odyssey.Tests", "src\OdysseyRuntime\Odyssey.Tests\Odyssey.Tests.csproj", "{DDDD00D4-A580-4440-B93B-437B3FAEBEE4}"
EndProject
Project("{FAE04EC0-301F-11D3-BF4B-00C04F79EFBC}") = "Odyssey.Tooling", "src\OdysseyRuntime\Odyssey.Tooling\Odyssey.Tooling.csproj", "{923C03F6-1D28-4BE5-AF20-76593AD8F716}"
EndProject
Global
	GlobalSection(SolutionConfigurationPlatforms) = preSolution
		Debug|Any CPU = Debug|Any CPU
		Debug|x64 = Debug|x64
		Debug|x86 = Debug|x86
		Release|Any CPU = Release|Any CPU
		Release|x64 = Release|x64
		Release|x86 = Release|x86
	EndGlobalSection
	GlobalSection(ProjectConfigurationPlatforms) = postSolution
		{6C7E8B5E-8D4F-4B3A-9E2A-F5B7C9D1E3A4}.Debug|Any CPU.ActiveCfg = Debug|Any CPU
		{6C7E8B5E-8D4F-4B3A-9E2A-F5B7C9D1E3A4}.Debug|Any CPU.Build.0 = Debug|Any CPU
		{6C7E8B5E-8D4F-4B3A-9E2A-F5B7C9D1E3A4}.Debug|x64.ActiveCfg = Debug|Any CPU
		{6C7E8B5E-8D4F-4B3A-9E2A-F5B7C9D1E3A4}.Debug|x64.Build.0 = Debug|Any CPU
		{6C7E8B5E-8D4F-4B3A-9E2A-F5B7C9D1E3A4}.Debug|x86.ActiveCfg = Debug|Any CPU
		{6C7E8B5E-8D4F-4B3A-9E2A-F5B7C9D1E3A4}.Debug|x86.Build.0 = Debug|Any CPU
		{6C7E8B5E-8D4F-4B3A-9E2A-F5B7C9D1E3A4}.Release|Any CPU.ActiveCfg = Release|Any CPU
		{6C7E8B5E-8D4F-4B3A-9E2A-F5B7C9D1E3A4}.Release|Any CPU.Build.0 = Release|Any CPU
		{6C7E8B5E-8D4F-4B3A-9E2A-F5B7C9D1E3A4}.Release|x64.ActiveCfg = Release|Any CPU
		{6C7E8B5E-8D4F-4B3A-9E2A-F5B7C9D1E3A4}.Release|x64.Build.0 = Release|Any CPU
		{6C7E8B5E-8D4F-4B3A-9E2A-F5B7C9D1E3A4}.Release|x86.ActiveCfg = Release|Any CPU
		{6C7E8B5E-8D4F-4B3A-9E2A-F5B7C9D1E3A4}.Release|x86.Build.0 = Release|Any CPU
		{8A9D1E2F-3C4B-5E6A-7D8B-9F1A2C3D4E5F}.Debug|Any CPU.ActiveCfg = Debug|Any CPU
		{8A9D1E2F-3C4B-5E6A-7D8B-9F1A2C3D4E5F}.Debug|Any CPU.Build.0 = Debug|Any CPU
		{8A9D1E2F-3C4B-5E6A-7D8B-9F1A2C3D4E5F}.Debug|x64.ActiveCfg = Debug|Any CPU
		{8A9D1E2F-3C4B-5E6A-7D8B-9F1A2C3D4E5F}.Debug|x64.Build.0 = Debug|Any CPU
		{8A9D1E2F-3C4B-5E6A-7D8B-9F1A2C3D4E5F}.Debug|x86.ActiveCfg = Debug|Any CPU
		{8A9D1E2F-3C4B-5E6A-7D8B-9F1A2C3D4E5F}.Debug|x86.Build.0 = Debug|Any CPU
		{8A9D1E2F-3C4B-5E6A-7D8B-9F1A2C3D4E5F}.Release|Any CPU.ActiveCfg = Release|Any CPU
		{8A9D1E2F-3C4B-5E6A-7D8B-9F1A2C3D4E5F}.Release|Any CPU.Build.0 = Release|Any CPU
		{8A9D1E2F-3C4B-5E6A-7D8B-9F1A2C3D4E5F}.Release|x64.ActiveCfg = Release|Any CPU
		{8A9D1E2F-3C4B-5E6A-7D8B-9F1A2C3D4E5F}.Release|x64.Build.0 = Release|Any CPU
		{8A9D1E2F-3C4B-5E6A-7D8B-9F1A2C3D4E5F}.Release|x86.ActiveCfg = Release|Any CPU
		{8A9D1E2F-3C4B-5E6A-7D8B-9F1A2C3D4E5F}.Release|x86.Build.0 = Release|Any CPU
		{9B1E2F3A-4D5C-6F7B-8E9C-0A1B2C3D4E5F}.Debug|Any CPU.ActiveCfg = Debug|Any CPU
		{9B1E2F3A-4D5C-6F7B-8E9C-0A1B2C3D4E5F}.Debug|Any CPU.Build.0 = Debug|Any CPU
		{9B1E2F3A-4D5C-6F7B-8E9C-0A1B2C3D4E5F}.Debug|x64.ActiveCfg = Debug|Any CPU
		{9B1E2F3A-4D5C-6F7B-8E9C-0A1B2C3D4E5F}.Debug|x64.Build.0 = Debug|Any CPU
		{9B1E2F3A-4D5C-6F7B-8E9C-0A1B2C3D4E5F}.Debug|x86.ActiveCfg = Debug|Any CPU
		{9B1E2F3A-4D5C-6F7B-8E9C-0A1B2C3D4E5F}.Debug|x86.Build.0 = Debug|Any CPU
		{9B1E2F3A-4D5C-6F7B-8E9C-0A1B2C3D4E5F}.Release|Any CPU.ActiveCfg = Release|Any CPU
		{9B1E2F3A-4D5C-6F7B-8E9C-0A1B2C3D4E5F}.Release|Any CPU.Build.0 = Release|Any CPU
		{9B1E2F3A-4D5C-6F7B-8E9C-0A1B2C3D4E5F}.Release|x64.ActiveCfg = Release|Any CPU
		{9B1E2F3A-4D5C-6F7B-8E9C-0A1B2C3D4E5F}.Release|x64.Build.0 = Release|Any CPU
		{9B1E2F3A-4D5C-6F7B-8E9C-0A1B2C3D4E5F}.Release|x86.ActiveCfg = Release|Any CPU
		{9B1E2F3A-4D5C-6F7B-8E9C-0A1B2C3D4E5F}.Release|x86.Build.0 = Release|Any CPU
		{06F3A9B8-9C87-40D2-94B5-A509238F348D}.Debug|Any CPU.ActiveCfg = Debug|Any CPU
		{06F3A9B8-9C87-40D2-94B5-A509238F348D}.Debug|Any CPU.Build.0 = Debug|Any CPU
		{06F3A9B8-9C87-40D2-94B5-A509238F348D}.Debug|x64.ActiveCfg = Debug|Any CPU
		{06F3A9B8-9C87-40D2-94B5-A509238F348D}.Debug|x64.Build.0 = Debug|Any CPU
		{06F3A9B8-9C87-40D2-94B5-A509238F348D}.Debug|x86.ActiveCfg = Debug|Any CPU
		{06F3A9B8-9C87-40D2-94B5-A509238F348D}.Debug|x86.Build.0 = Debug|Any CPU
		{06F3A9B8-9C87-40D2-94B5-A509238F348D}.Release|Any CPU.ActiveCfg = Release|Any CPU
		{06F3A9B8-9C87-40D2-94B5-A509238F348D}.Release|Any CPU.Build.0 = Release|Any CPU
		{06F3A9B8-9C87-40D2-94B5-A509238F348D}.Release|x64.ActiveCfg = Release|Any CPU
		{06F3A9B8-9C87-40D2-94B5-A509238F348D}.Release|x64.Build.0 = Release|Any CPU
		{06F3A9B8-9C87-40D2-94B5-A509238F348D}.Release|x86.ActiveCfg = Release|Any CPU
		{06F3A9B8-9C87-40D2-94B5-A509238F348D}.Release|x86.Build.0 = Release|Any CPU
		{A1B2C3D4-E5F6-7A8B-9C0D-1E2F3A4B5C6D}.Debug|Any CPU.ActiveCfg = Debug|Any CPU
		{A1B2C3D4-E5F6-7A8B-9C0D-1E2F3A4B5C6D}.Debug|Any CPU.Build.0 = Debug|Any CPU
		{A1B2C3D4-E5F6-7A8B-9C0D-1E2F3A4B5C6D}.Debug|x64.ActiveCfg = Debug|Any CPU
		{A1B2C3D4-E5F6-7A8B-9C0D-1E2F3A4B5C6D}.Debug|x64.Build.0 = Debug|Any CPU
		{A1B2C3D4-E5F6-7A8B-9C0D-1E2F3A4B5C6D}.Debug|x86.ActiveCfg = Debug|Any CPU
		{A1B2C3D4-E5F6-7A8B-9C0D-1E2F3A4B5C6D}.Debug|x86.Build.0 = Debug|Any CPU
		{A1B2C3D4-E5F6-7A8B-9C0D-1E2F3A4B5C6D}.Release|Any CPU.ActiveCfg = Release|Any CPU
		{A1B2C3D4-E5F6-7A8B-9C0D-1E2F3A4B5C6D}.Release|Any CPU.Build.0 = Release|Any CPU
		{A1B2C3D4-E5F6-7A8B-9C0D-1E2F3A4B5C6D}.Release|x64.ActiveCfg = Release|Any CPU
		{A1B2C3D4-E5F6-7A8B-9C0D-1E2F3A4B5C6D}.Release|x64.Build.0 = Release|Any CPU
		{A1B2C3D4-E5F6-7A8B-9C0D-1E2F3A4B5C6D}.Release|x86.ActiveCfg = Release|Any CPU
		{A1B2C3D4-E5F6-7A8B-9C0D-1E2F3A4B5C6D}.Release|x86.Build.0 = Release|Any CPU
		{B5D847E7-A300-47D8-BCA1-3339A71E0E88}.Debug|Any CPU.ActiveCfg = Debug|x86
		{B5D847E7-A300-47D8-BCA1-3339A71E0E88}.Debug|Any CPU.Build.0 = Debug|x86
		{B5D847E7-A300-47D8-BCA1-3339A71E0E88}.Debug|x64.ActiveCfg = Debug|x64
		{B5D847E7-A300-47D8-BCA1-3339A71E0E88}.Debug|x64.Build.0 = Debug|x64
		{B5D847E7-A300-47D8-BCA1-3339A71E0E88}.Debug|x86.ActiveCfg = Debug|x86
		{B5D847E7-A300-47D8-BCA1-3339A71E0E88}.Debug|x86.Build.0 = Debug|x86
		{B5D847E7-A300-47D8-BCA1-3339A71E0E88}.Release|Any CPU.ActiveCfg = Release|x86
		{B5D847E7-A300-47D8-BCA1-3339A71E0E88}.Release|Any CPU.Build.0 = Release|x86
		{B5D847E7-A300-47D8-BCA1-3339A71E0E88}.Release|x64.ActiveCfg = Release|x64
		{B5D847E7-A300-47D8-BCA1-3339A71E0E88}.Release|x64.Build.0 = Release|x64
		{B5D847E7-A300-47D8-BCA1-3339A71E0E88}.Release|x86.ActiveCfg = Release|x86
		{B5D847E7-A300-47D8-BCA1-3339A71E0E88}.Release|x86.Build.0 = Release|x86
		{5FBA2891-C5C6-4B17-A6E2-1C9EFEC7E8DF}.Debug|Any CPU.ActiveCfg = Debug|Any CPU
		{5FBA2891-C5C6-4B17-A6E2-1C9EFEC7E8DF}.Debug|Any CPU.Build.0 = Debug|Any CPU
		{5FBA2891-C5C6-4B17-A6E2-1C9EFEC7E8DF}.Debug|x64.ActiveCfg = Debug|Any CPU
		{5FBA2891-C5C6-4B17-A6E2-1C9EFEC7E8DF}.Debug|x64.Build.0 = Debug|Any CPU
		{5FBA2891-C5C6-4B17-A6E2-1C9EFEC7E8DF}.Debug|x86.ActiveCfg = Debug|Any CPU
		{5FBA2891-C5C6-4B17-A6E2-1C9EFEC7E8DF}.Debug|x86.Build.0 = Debug|Any CPU
		{5FBA2891-C5C6-4B17-A6E2-1C9EFEC7E8DF}.Release|Any CPU.ActiveCfg = Release|Any CPU
		{5FBA2891-C5C6-4B17-A6E2-1C9EFEC7E8DF}.Release|Any CPU.Build.0 = Release|Any CPU
		{5FBA2891-C5C6-4B17-A6E2-1C9EFEC7E8DF}.Release|x64.ActiveCfg = Release|Any CPU
		{5FBA2891-C5C6-4B17-A6E2-1C9EFEC7E8DF}.Release|x64.Build.0 = Release|Any CPU
		{5FBA2891-C5C6-4B17-A6E2-1C9EFEC7E8DF}.Release|x86.ActiveCfg = Release|Any CPU
		{5FBA2891-C5C6-4B17-A6E2-1C9EFEC7E8DF}.Release|x86.Build.0 = Release|Any CPU
		{6D60797F-9C20-45A9-9555-38865885E5C8}.Debug|Any CPU.ActiveCfg = Debug|Any CPU
		{6D60797F-9C20-45A9-9555-38865885E5C8}.Debug|Any CPU.Build.0 = Debug|Any CPU
		{6D60797F-9C20-45A9-9555-38865885E5C8}.Debug|x64.ActiveCfg = Debug|Any CPU
		{6D60797F-9C20-45A9-9555-38865885E5C8}.Debug|x64.Build.0 = Debug|Any CPU
		{6D60797F-9C20-45A9-9555-38865885E5C8}.Debug|x86.ActiveCfg = Debug|Any CPU
		{6D60797F-9C20-45A9-9555-38865885E5C8}.Debug|x86.Build.0 = Debug|Any CPU
		{6D60797F-9C20-45A9-9555-38865885E5C8}.Release|Any CPU.ActiveCfg = Release|Any CPU
		{6D60797F-9C20-45A9-9555-38865885E5C8}.Release|Any CPU.Build.0 = Release|Any CPU
		{6D60797F-9C20-45A9-9555-38865885E5C8}.Release|x64.ActiveCfg = Release|Any CPU
		{6D60797F-9C20-45A9-9555-38865885E5C8}.Release|x64.Build.0 = Release|Any CPU
		{6D60797F-9C20-45A9-9555-38865885E5C8}.Release|x86.ActiveCfg = Release|Any CPU
		{6D60797F-9C20-45A9-9555-38865885E5C8}.Release|x86.Build.0 = Release|Any CPU
		{3452FBD2-23D5-4E96-938A-087B0A2010E5}.Debug|Any CPU.ActiveCfg = Debug|Any CPU
		{3452FBD2-23D5-4E96-938A-087B0A2010E5}.Debug|Any CPU.Build.0 = Debug|Any CPU
		{3452FBD2-23D5-4E96-938A-087B0A2010E5}.Debug|x64.ActiveCfg = Debug|Any CPU
		{3452FBD2-23D5-4E96-938A-087B0A2010E5}.Debug|x64.Build.0 = Debug|Any CPU
		{3452FBD2-23D5-4E96-938A-087B0A2010E5}.Debug|x86.ActiveCfg = Debug|Any CPU
		{3452FBD2-23D5-4E96-938A-087B0A2010E5}.Debug|x86.Build.0 = Debug|Any CPU
		{3452FBD2-23D5-4E96-938A-087B0A2010E5}.Release|Any CPU.ActiveCfg = Release|Any CPU
		{3452FBD2-23D5-4E96-938A-087B0A2010E5}.Release|Any CPU.Build.0 = Release|Any CPU
		{3452FBD2-23D5-4E96-938A-087B0A2010E5}.Release|x64.ActiveCfg = Release|Any CPU
		{3452FBD2-23D5-4E96-938A-087B0A2010E5}.Release|x64.Build.0 = Release|Any CPU
		{3452FBD2-23D5-4E96-938A-087B0A2010E5}.Release|x86.ActiveCfg = Release|Any CPU
		{3452FBD2-23D5-4E96-938A-087B0A2010E5}.Release|x86.Build.0 = Release|Any CPU
		{E5AD48E5-052B-4312-BB09-B98A10B48663}.Debug|Any CPU.ActiveCfg = Debug|Any CPU
		{E5AD48E5-052B-4312-BB09-B98A10B48663}.Debug|Any CPU.Build.0 = Debug|Any CPU
		{E5AD48E5-052B-4312-BB09-B98A10B48663}.Debug|x64.ActiveCfg = Debug|Any CPU
		{E5AD48E5-052B-4312-BB09-B98A10B48663}.Debug|x64.Build.0 = Debug|Any CPU
		{E5AD48E5-052B-4312-BB09-B98A10B48663}.Debug|x86.ActiveCfg = Debug|Any CPU
		{E5AD48E5-052B-4312-BB09-B98A10B48663}.Debug|x86.Build.0 = Debug|Any CPU
		{E5AD48E5-052B-4312-BB09-B98A10B48663}.Release|Any CPU.ActiveCfg = Release|Any CPU
		{E5AD48E5-052B-4312-BB09-B98A10B48663}.Release|Any CPU.Build.0 = Release|Any CPU
		{E5AD48E5-052B-4312-BB09-B98A10B48663}.Release|x64.ActiveCfg = Release|Any CPU
		{E5AD48E5-052B-4312-BB09-B98A10B48663}.Release|x64.Build.0 = Release|Any CPU
		{E5AD48E5-052B-4312-BB09-B98A10B48663}.Release|x86.ActiveCfg = Release|Any CPU
		{E5AD48E5-052B-4312-BB09-B98A10B48663}.Release|x86.Build.0 = Release|Any CPU
		{827FE34C-1C5F-4F6E-8D68-917689C4EBA5}.Debug|Any CPU.ActiveCfg = Debug|Any CPU
		{827FE34C-1C5F-4F6E-8D68-917689C4EBA5}.Debug|Any CPU.Build.0 = Debug|Any CPU
		{827FE34C-1C5F-4F6E-8D68-917689C4EBA5}.Debug|x64.ActiveCfg = Debug|Any CPU
		{827FE34C-1C5F-4F6E-8D68-917689C4EBA5}.Debug|x64.Build.0 = Debug|Any CPU
		{827FE34C-1C5F-4F6E-8D68-917689C4EBA5}.Debug|x86.ActiveCfg = Debug|Any CPU
		{827FE34C-1C5F-4F6E-8D68-917689C4EBA5}.Debug|x86.Build.0 = Debug|Any CPU
		{827FE34C-1C5F-4F6E-8D68-917689C4EBA5}.Release|Any CPU.ActiveCfg = Release|Any CPU
		{827FE34C-1C5F-4F6E-8D68-917689C4EBA5}.Release|Any CPU.Build.0 = Release|Any CPU
		{827FE34C-1C5F-4F6E-8D68-917689C4EBA5}.Release|x64.ActiveCfg = Release|Any CPU
		{827FE34C-1C5F-4F6E-8D68-917689C4EBA5}.Release|x64.Build.0 = Release|Any CPU
		{827FE34C-1C5F-4F6E-8D68-917689C4EBA5}.Release|x86.ActiveCfg = Release|Any CPU
		{827FE34C-1C5F-4F6E-8D68-917689C4EBA5}.Release|x86.Build.0 = Release|Any CPU
		{432FF7BA-B171-49EC-BF32-7190BF9F2325}.Debug|Any CPU.ActiveCfg = Debug|Any CPU
		{432FF7BA-B171-49EC-BF32-7190BF9F2325}.Debug|Any CPU.Build.0 = Debug|Any CPU
		{432FF7BA-B171-49EC-BF32-7190BF9F2325}.Debug|x64.ActiveCfg = Debug|Any CPU
		{432FF7BA-B171-49EC-BF32-7190BF9F2325}.Debug|x64.Build.0 = Debug|Any CPU
		{432FF7BA-B171-49EC-BF32-7190BF9F2325}.Debug|x86.ActiveCfg = Debug|Any CPU
		{432FF7BA-B171-49EC-BF32-7190BF9F2325}.Debug|x86.Build.0 = Debug|Any CPU
		{432FF7BA-B171-49EC-BF32-7190BF9F2325}.Release|Any CPU.ActiveCfg = Release|Any CPU
		{432FF7BA-B171-49EC-BF32-7190BF9F2325}.Release|Any CPU.Build.0 = Release|Any CPU
		{432FF7BA-B171-49EC-BF32-7190BF9F2325}.Release|x64.ActiveCfg = Release|Any CPU
		{432FF7BA-B171-49EC-BF32-7190BF9F2325}.Release|x64.Build.0 = Release|Any CPU
		{432FF7BA-B171-49EC-BF32-7190BF9F2325}.Release|x86.ActiveCfg = Release|Any CPU
		{432FF7BA-B171-49EC-BF32-7190BF9F2325}.Release|x86.Build.0 = Release|Any CPU
		{463A33EC-7903-447E-B2CC-992FD84722F3}.Debug|Any CPU.ActiveCfg = Debug|Any CPU
		{463A33EC-7903-447E-B2CC-992FD84722F3}.Debug|Any CPU.Build.0 = Debug|Any CPU
		{463A33EC-7903-447E-B2CC-992FD84722F3}.Debug|x64.ActiveCfg = Debug|Any CPU
		{463A33EC-7903-447E-B2CC-992FD84722F3}.Debug|x64.Build.0 = Debug|Any CPU
		{463A33EC-7903-447E-B2CC-992FD84722F3}.Debug|x86.ActiveCfg = Debug|Any CPU
		{463A33EC-7903-447E-B2CC-992FD84722F3}.Debug|x86.Build.0 = Debug|Any CPU
		{463A33EC-7903-447E-B2CC-992FD84722F3}.Release|Any CPU.ActiveCfg = Release|Any CPU
		{463A33EC-7903-447E-B2CC-992FD84722F3}.Release|Any CPU.Build.0 = Release|Any CPU
		{463A33EC-7903-447E-B2CC-992FD84722F3}.Release|x64.ActiveCfg = Release|Any CPU
		{463A33EC-7903-447E-B2CC-992FD84722F3}.Release|x64.Build.0 = Release|Any CPU
		{463A33EC-7903-447E-B2CC-992FD84722F3}.Release|x86.ActiveCfg = Release|Any CPU
		{463A33EC-7903-447E-B2CC-992FD84722F3}.Release|x86.Build.0 = Release|Any CPU
		{DDDD00D4-A580-4440-B93B-437B3FAEBEE4}.Debug|Any CPU.ActiveCfg = Debug|Any CPU
		{DDDD00D4-A580-4440-B93B-437B3FAEBEE4}.Debug|Any CPU.Build.0 = Debug|Any CPU
		{DDDD00D4-A580-4440-B93B-437B3FAEBEE4}.Debug|x64.ActiveCfg = Debug|Any CPU
		{DDDD00D4-A580-4440-B93B-437B3FAEBEE4}.Debug|x64.Build.0 = Debug|Any CPU
		{DDDD00D4-A580-4440-B93B-437B3FAEBEE4}.Debug|x86.ActiveCfg = Debug|Any CPU
		{DDDD00D4-A580-4440-B93B-437B3FAEBEE4}.Debug|x86.Build.0 = Debug|Any CPU
		{DDDD00D4-A580-4440-B93B-437B3FAEBEE4}.Release|Any CPU.ActiveCfg = Release|Any CPU
		{DDDD00D4-A580-4440-B93B-437B3FAEBEE4}.Release|Any CPU.Build.0 = Release|Any CPU
		{DDDD00D4-A580-4440-B93B-437B3FAEBEE4}.Release|x64.ActiveCfg = Release|Any CPU
		{DDDD00D4-A580-4440-B93B-437B3FAEBEE4}.Release|x64.Build.0 = Release|Any CPU
		{DDDD00D4-A580-4440-B93B-437B3FAEBEE4}.Release|x86.ActiveCfg = Release|Any CPU
		{DDDD00D4-A580-4440-B93B-437B3FAEBEE4}.Release|x86.Build.0 = Release|Any CPU
		{923C03F6-1D28-4BE5-AF20-76593AD8F716}.Debug|Any CPU.ActiveCfg = Debug|Any CPU
		{923C03F6-1D28-4BE5-AF20-76593AD8F716}.Debug|Any CPU.Build.0 = Debug|Any CPU
		{923C03F6-1D28-4BE5-AF20-76593AD8F716}.Debug|x64.ActiveCfg = Debug|Any CPU
		{923C03F6-1D28-4BE5-AF20-76593AD8F716}.Debug|x64.Build.0 = Debug|Any CPU
		{923C03F6-1D28-4BE5-AF20-76593AD8F716}.Debug|x86.ActiveCfg = Debug|Any CPU
		{923C03F6-1D28-4BE5-AF20-76593AD8F716}.Debug|x86.Build.0 = Debug|Any CPU
		{923C03F6-1D28-4BE5-AF20-76593AD8F716}.Release|Any CPU.ActiveCfg = Release|Any CPU
		{923C03F6-1D28-4BE5-AF20-76593AD8F716}.Release|Any CPU.Build.0 = Release|Any CPU
		{923C03F6-1D28-4BE5-AF20-76593AD8F716}.Release|x64.ActiveCfg = Release|Any CPU
		{923C03F6-1D28-4BE5-AF20-76593AD8F716}.Release|x64.Build.0 = Release|Any CPU
		{923C03F6-1D28-4BE5-AF20-76593AD8F716}.Release|x86.ActiveCfg = Release|Any CPU
		{923C03F6-1D28-4BE5-AF20-76593AD8F716}.Release|x86.Build.0 = Release|Any CPU
	EndGlobalSection
	GlobalSection(SolutionProperties) = preSolution
		HideSolutionNode = FALSE
	EndGlobalSection
	GlobalSection(NestedProjects) = preSolution
		{6C7E8B5E-8D4F-4B3A-9E2A-F5B7C9D1E3A4} = {827E0CD3-B72D-47B6-A68D-7590B98EB39B}
		{8A9D1E2F-3C4B-5E6A-7D8B-9F1A2C3D4E5F} = {827E0CD3-B72D-47B6-A68D-7590B98EB39B}
		{9B1E2F3A-4D5C-6F7B-8E9C-0A1B2C3D4E5F} = {827E0CD3-B72D-47B6-A68D-7590B98EB39B}
		{06F3A9B8-9C87-40D2-94B5-A509238F348D} = {827E0CD3-B72D-47B6-A68D-7590B98EB39B}
		{A1B2C3D4-E5F6-7A8B-9C0D-1E2F3A4B5C6D} = {827E0CD3-B72D-47B6-A68D-7590B98EB39B}
		{B5D847E7-A300-47D8-BCA1-3339A71E0E88} = {827E0CD3-B72D-47B6-A68D-7590B98EB39B}
		{5FBA2891-C5C6-4B17-A6E2-1C9EFEC7E8DF} = {827E0CD3-B72D-47B6-A68D-7590B98EB39B}
		{6D60797F-9C20-45A9-9555-38865885E5C8} = {DE75CE55-0C06-42AB-7654-F4E104E2AADB}
		{3452FBD2-23D5-4E96-938A-087B0A2010E5} = {DE75CE55-0C06-42AB-7654-F4E104E2AADB}
		{E5AD48E5-052B-4312-BB09-B98A10B48663} = {DE75CE55-0C06-42AB-7654-F4E104E2AADB}
		{827FE34C-1C5F-4F6E-8D68-917689C4EBA5} = {DE75CE55-0C06-42AB-7654-F4E104E2AADB}
		{432FF7BA-B171-49EC-BF32-7190BF9F2325} = {DE75CE55-0C06-42AB-7654-F4E104E2AADB}
		{463A33EC-7903-447E-B2CC-992FD84722F3} = {DE75CE55-0C06-42AB-7654-F4E104E2AADB}
		{DDDD00D4-A580-4440-B93B-437B3FAEBEE4} = {DE75CE55-0C06-42AB-7654-F4E104E2AADB}
		{923C03F6-1D28-4BE5-AF20-76593AD8F716} = {DE75CE55-0C06-42AB-7654-F4E104E2AADB}
	EndGlobalSection
EndGlobal
